// !$*UTF8*$!
{
	archiveVersion = 1;
	classes = {
	};
	objectVersion = 46;
	objects = {

/* Begin PBXBuildFile section */
		8E56ACB418C22426001136F9 /* fonts in CopyFiles */ = {isa = PBXBuildFile; fileRef = 8E56ACB318C22426001136F9 /* fonts */; };
		AA1AA69C18B41C9E00AE72F6 /* message_active.png in Resources */ = {isa = PBXBuildFile; fileRef = AA1AA69A18B41C9E00AE72F6 /* message_active.png */; };
		AA1AA69D18B41C9E00AE72F6 /* message_inactive.png in Resources */ = {isa = PBXBuildFile; fileRef = AA1AA69B18B41C9E00AE72F6 /* message_inactive.png */; };
		AA1AA6A418B427C100AE72F6 /* MainMenu.xib in Resources */ = {isa = PBXBuildFile; fileRef = AA1AA6A318B427C100AE72F6 /* MainMenu.xib */; };
		AA27EF6819A81948000E0339 /* FoundationCategoriesKit.framework in CopyFiles */ = {isa = PBXBuildFile; fileRef = AA5DFDF9190DF00700383283 /* FoundationCategoriesKit.framework */; };
		AA27EF6919A81948000E0339 /* NavNodeKit.framework in CopyFiles */ = {isa = PBXBuildFile; fileRef = AA5DFDF6190DEFF600383283 /* NavNodeKit.framework */; };
		AA27EF6A19A81948000E0339 /* NavKit.framework in CopyFiles */ = {isa = PBXBuildFile; fileRef = AA5DFDF3190DEFE500383283 /* NavKit.framework */; };
		AA27EF6B19A81948000E0339 /* BitmessageKit.framework in CopyFiles */ = {isa = PBXBuildFile; fileRef = AA153C3418FF00CF007B4785 /* BitmessageKit.framework */; };
		AA2AC86718B8175A008CEEB4 /* BMAddressedView.m in Sources */ = {isa = PBXBuildFile; fileRef = AA2AC85E18B8175A008CEEB4 /* BMAddressedView.m */; };
		AA2AC86818B8175A008CEEB4 /* BMChannelView.m in Sources */ = {isa = PBXBuildFile; fileRef = AA2AC86018B8175A008CEEB4 /* BMChannelView.m */; };
		AA2AC86918B8175A008CEEB4 /* BMContactView.m in Sources */ = {isa = PBXBuildFile; fileRef = AA2AC86218B8175A008CEEB4 /* BMContactView.m */; };
		AA2AC87418B88FF2008CEEB4 /* BMIdentityView.m in Sources */ = {isa = PBXBuildFile; fileRef = AA2AC87318B88FF2008CEEB4 /* BMIdentityView.m */; };
		AA31560B18AAE02D0017E94F /* Cocoa.framework in Frameworks */ = {isa = PBXBuildFile; fileRef = AA31560A18AAE02D0017E94F /* Cocoa.framework */; };
		AA31561518AAE02D0017E94F /* InfoPlist.strings in Resources */ = {isa = PBXBuildFile; fileRef = AA31561318AAE02D0017E94F /* InfoPlist.strings */; };
		AA31561718AAE02D0017E94F /* main.m in Sources */ = {isa = PBXBuildFile; fileRef = AA31561618AAE02D0017E94F /* main.m */; };
		AA31561B18AAE02D0017E94F /* Credits.rtf in Resources */ = {isa = PBXBuildFile; fileRef = AA31561918AAE02D0017E94F /* Credits.rtf */; };
		AA31562318AAE02D0017E94F /* Images.xcassets in Resources */ = {isa = PBXBuildFile; fileRef = AA31562218AAE02D0017E94F /* Images.xcassets */; };
		AA31562A18AAE02D0017E94F /* XCTest.framework in Frameworks */ = {isa = PBXBuildFile; fileRef = AA31562918AAE02D0017E94F /* XCTest.framework */; };
		AA31562B18AAE02D0017E94F /* Cocoa.framework in Frameworks */ = {isa = PBXBuildFile; fileRef = AA31560A18AAE02D0017E94F /* Cocoa.framework */; };
		AA31563318AAE02D0017E94F /* InfoPlist.strings in Resources */ = {isa = PBXBuildFile; fileRef = AA31563118AAE02D0017E94F /* InfoPlist.strings */; };
		AA31563518AAE02D0017E94F /* BitmessageTests.m in Sources */ = {isa = PBXBuildFile; fileRef = AA31563418AAE02D0017E94F /* BitmessageTests.m */; };
		AA3156DF18AAE0E60017E94F /* icon_128x128.png in Resources */ = {isa = PBXBuildFile; fileRef = AA3156B618AAE0E60017E94F /* icon_128x128.png */; };
		AA3156E018AAE0E60017E94F /* icon_128x128@2x.png in Resources */ = {isa = PBXBuildFile; fileRef = AA3156B718AAE0E60017E94F /* icon_128x128@2x.png */; };
		AA3156E118AAE0E60017E94F /* icon_16x16.png in Resources */ = {isa = PBXBuildFile; fileRef = AA3156B818AAE0E60017E94F /* icon_16x16.png */; };
		AA3156E218AAE0E60017E94F /* icon_16x16@2x.png in Resources */ = {isa = PBXBuildFile; fileRef = AA3156B918AAE0E60017E94F /* icon_16x16@2x.png */; };
		AA3156E318AAE0E60017E94F /* icon_256x256.png in Resources */ = {isa = PBXBuildFile; fileRef = AA3156BA18AAE0E60017E94F /* icon_256x256.png */; };
		AA3156E418AAE0E60017E94F /* icon_256x256@2x.png in Resources */ = {isa = PBXBuildFile; fileRef = AA3156BB18AAE0E60017E94F /* icon_256x256@2x.png */; };
		AA3156E518AAE0E60017E94F /* icon_32x32.png in Resources */ = {isa = PBXBuildFile; fileRef = AA3156BC18AAE0E60017E94F /* icon_32x32.png */; };
		AA3156E618AAE0E60017E94F /* icon_32x32@2x.png in Resources */ = {isa = PBXBuildFile; fileRef = AA3156BD18AAE0E60017E94F /* icon_32x32@2x.png */; };
		AA3156E718AAE0E60017E94F /* icon_512x512.png in Resources */ = {isa = PBXBuildFile; fileRef = AA3156BE18AAE0E60017E94F /* icon_512x512.png */; };
		AA3156E818AAE0E60017E94F /* icon_512x512@2x.png in Resources */ = {isa = PBXBuildFile; fileRef = AA3156BF18AAE0E60017E94F /* icon_512x512@2x.png */; };
		AA3156E918AAE0E60017E94F /* BMContacts_active.png in Resources */ = {isa = PBXBuildFile; fileRef = AA3156C118AAE0E60017E94F /* BMContacts_active.png */; };
		AA3156EA18AAE0E60017E94F /* BMContacts_inactive.png in Resources */ = {isa = PBXBuildFile; fileRef = AA3156C218AAE0E60017E94F /* BMContacts_inactive.png */; };
		AA3156EB18AAE0E60017E94F /* BMIdentities_active.png in Resources */ = {isa = PBXBuildFile; fileRef = AA3156C318AAE0E60017E94F /* BMIdentities_active.png */; };
		AA3156EC18AAE0E60017E94F /* BMIdentities_inactive.png in Resources */ = {isa = PBXBuildFile; fileRef = AA3156C418AAE0E60017E94F /* BMIdentities_inactive.png */; };
		AA3156ED18AAE0E60017E94F /* BMReceivedMessages_active.png in Resources */ = {isa = PBXBuildFile; fileRef = AA3156C518AAE0E60017E94F /* BMReceivedMessages_active.png */; };
		AA3156EE18AAE0E60017E94F /* BMReceivedMessages_inactive.png in Resources */ = {isa = PBXBuildFile; fileRef = AA3156C618AAE0E60017E94F /* BMReceivedMessages_inactive.png */; };
		AA3156EF18AAE0E60017E94F /* BMSentMessages_active.png in Resources */ = {isa = PBXBuildFile; fileRef = AA3156C718AAE0E60017E94F /* BMSentMessages_active.png */; };
		AA3156F018AAE0E60017E94F /* BMSentMessages_inactive.png in Resources */ = {isa = PBXBuildFile; fileRef = AA3156C818AAE0E60017E94F /* BMSentMessages_inactive.png */; };
		AA3156F218AAE0E60017E94F /* search_active.png in Resources */ = {isa = PBXBuildFile; fileRef = AA3156CA18AAE0E60017E94F /* search_active.png */; };
		AA3156F318AAE0E60017E94F /* search_inactive.png in Resources */ = {isa = PBXBuildFile; fileRef = AA3156CB18AAE0E60017E94F /* search_inactive.png */; };
		AA3156FD18AAE1130017E94F /* Compose.xib in Resources */ = {isa = PBXBuildFile; fileRef = AA3156FC18AAE1130017E94F /* Compose.xib */; };
		AA5DFDFA190DF00700383283 /* FoundationCategoriesKit.framework in Frameworks */ = {isa = PBXBuildFile; fileRef = AA5DFDF9190DF00700383283 /* FoundationCategoriesKit.framework */; };
		AA70C86B18D39219001D77FB /* themes.json in Resources */ = {isa = PBXBuildFile; fileRef = AA70C86A18D39219001D77FB /* themes.json */; };
		AA9413C418C952F80092FEF4 /* BMMessage+NodeView.m in Sources */ = {isa = PBXBuildFile; fileRef = AA9413BE18C952F80092FEF4 /* BMMessage+NodeView.m */; };
		AA9413C518C952F80092FEF4 /* BMMessageView.m in Sources */ = {isa = PBXBuildFile; fileRef = AA9413C018C952F80092FEF4 /* BMMessageView.m */; };
		AA9413C618C952F80092FEF4 /* BMNewUserView.m in Sources */ = {isa = PBXBuildFile; fileRef = AA9413C318C952F80092FEF4 /* BMNewUserView.m */; };
		AA94775B18E268D3004EFC7A /* forward_active.png in Resources */ = {isa = PBXBuildFile; fileRef = AA94775A18E268D3004EFC7A /* forward_active.png */; };
		AA9C72DA198877240036E3FF /* BMAboutNode.m in Sources */ = {isa = PBXBuildFile; fileRef = AA9C72D9198877240036E3FF /* BMAboutNode.m */; };
		AA9EFBFE18F4960000DC32F4 /* BMAddressed+NodeView.m in Sources */ = {isa = PBXBuildFile; fileRef = AA9EFBFD18F4960000DC32F4 /* BMAddressed+NodeView.m */; };
		AA9EFC5418F4A56F00DC32F4 /* libz.dylib in Frameworks */ = {isa = PBXBuildFile; fileRef = AA9EFC5318F4A56F00DC32F4 /* libz.dylib */; };
		AA9F2B5C190DFF92008444F6 /* NavNodeKit.framework in Frameworks */ = {isa = PBXBuildFile; fileRef = AA5DFDF6190DEFF600383283 /* NavNodeKit.framework */; };
		AA9F2B5D190DFF92008444F6 /* NavKit.framework in Frameworks */ = {isa = PBXBuildFile; fileRef = AA5DFDF3190DEFE500383283 /* NavKit.framework */; };
		AA9F2B5E190DFF92008444F6 /* BitmessageKit.framework in Frameworks */ = {isa = PBXBuildFile; fileRef = AA153C3418FF00CF007B4785 /* BitmessageKit.framework */; };
		AAA2E6CC190082360098C357 /* compose_active.png in Resources */ = {isa = PBXBuildFile; fileRef = AAA2E6CA190082360098C357 /* compose_active.png */; };
		AAA2E6CD190082360098C357 /* composeicon_inactive.png in Resources */ = {isa = PBXBuildFile; fileRef = AAA2E6CB190082360098C357 /* composeicon_inactive.png */; };
		AAA2E6D319009CDC0098C357 /* BMClient+NodeView.m in Sources */ = {isa = PBXBuildFile; fileRef = AAA2E6D219009CDC0098C357 /* BMClient+NodeView.m */; };
		AAB79BC918AB14170041B6B1 /* add_active.png in Resources */ = {isa = PBXBuildFile; fileRef = AAB79BC218AB14170041B6B1 /* add_active.png */; };
		AAB79BCA18AB14170041B6B1 /* add_inactive.png in Resources */ = {isa = PBXBuildFile; fileRef = AAB79BC318AB14170041B6B1 /* add_inactive.png */; };
		AAB79BCB18AB14170041B6B1 /* delete_active.png in Resources */ = {isa = PBXBuildFile; fileRef = AAB79BC418AB14170041B6B1 /* delete_active.png */; };
		AAB79BCC18AB14170041B6B1 /* delete_inactive.png in Resources */ = {isa = PBXBuildFile; fileRef = AAB79BC518AB14170041B6B1 /* delete_inactive.png */; };
		AAB79BCD18AB14170041B6B1 /* reply_active.png in Resources */ = {isa = PBXBuildFile; fileRef = AAB79BC618AB14170041B6B1 /* reply_active.png */; };
		AAB79BCE18AB14170041B6B1 /* reply_inactive.png in Resources */ = {isa = PBXBuildFile; fileRef = AAB79BC718AB14170041B6B1 /* reply_inactive.png */; };
		AAB79BD818AEEAB70041B6B1 /* send_active.png in Resources */ = {isa = PBXBuildFile; fileRef = AAB79BD618AEEAB70041B6B1 /* send_active.png */; };
		AAB79BD918AEEAB70041B6B1 /* send_inactive.png in Resources */ = {isa = PBXBuildFile; fileRef = AAB79BD718AEEAB70041B6B1 /* send_inactive.png */; };
		AAD284A518C01EE500FC0C6F /* BMAppController.m in Sources */ = {isa = PBXBuildFile; fileRef = AAD2849218C01EE500FC0C6F /* BMAppController.m */; };
		AAD284A618C01EE500FC0C6F /* BMAddressCompletor.m in Sources */ = {isa = PBXBuildFile; fileRef = AAD2849518C01EE500FC0C6F /* BMAddressCompletor.m */; };
		AAD284A718C01EE500FC0C6F /* BMAddressTextField.m in Sources */ = {isa = PBXBuildFile; fileRef = AAD2849718C01EE500FC0C6F /* BMAddressTextField.m */; };
		AAD284A818C01EE500FC0C6F /* BMDraftController.m in Sources */ = {isa = PBXBuildFile; fileRef = AAD2849918C01EE500FC0C6F /* BMDraftController.m */; };
		AAE61DD718CA8CCE00C6AEB7 /* icon_tick.png in Resources */ = {isa = PBXBuildFile; fileRef = AAE61DD318CA8CCE00C6AEB7 /* icon_tick.png */; };
		AAF40CB018B56183005BA55E /* refresh_active.png in Resources */ = {isa = PBXBuildFile; fileRef = AAF40CAE18B56183005BA55E /* refresh_active.png */; };
		AAF40CB118B56183005BA55E /* refresh_inactive.png in Resources */ = {isa = PBXBuildFile; fileRef = AAF40CAF18B56183005BA55E /* refresh_inactive.png */; };
/* End PBXBuildFile section */

/* Begin PBXContainerItemProxy section */
		75EFCCA919A1803100C93930 /* PBXContainerItemProxy */ = {
			isa = PBXContainerItemProxy;
			containerPortal = AA3155FF18AAE02D0017E94F /* Project object */;
			proxyType = 1;
			remoteGlobalIDString = 75EFCCA519A17FF800C93930;
			remoteInfo = submodules;
		};
		75F101F719A2D26F0094B7C4 /* PBXContainerItemProxy */ = {
			isa = PBXContainerItemProxy;
			containerPortal = 75F101EF19A2D26F0094B7C4 /* NavKit.xcodeproj */;
			proxyType = 2;
			remoteGlobalIDString = AAE31DCC18FF1C0700405754;
			remoteInfo = NavKit;
		};
		75F101F919A2D26F0094B7C4 /* PBXContainerItemProxy */ = {
			isa = PBXContainerItemProxy;
			containerPortal = 75F101EF19A2D26F0094B7C4 /* NavKit.xcodeproj */;
			proxyType = 2;
			remoteGlobalIDString = AAE31DE318FF1C0700405754;
			remoteInfo = NavKitTests;
		};
		75F1020219A2D2770094B7C4 /* PBXContainerItemProxy */ = {
			isa = PBXContainerItemProxy;
			containerPortal = 75F101FB19A2D2770094B7C4 /* BitmessageKit.xcodeproj */;
			proxyType = 2;
			remoteGlobalIDString = 8EDE5B7A18F59414009A726A;
			remoteInfo = BitmessageKit;
		};
		75F1020419A2D2770094B7C4 /* PBXContainerItemProxy */ = {
			isa = PBXContainerItemProxy;
			containerPortal = 75F101FB19A2D2770094B7C4 /* BitmessageKit.xcodeproj */;
			proxyType = 2;
			remoteGlobalIDString = 8EDE5B9118F59414009A726A;
			remoteInfo = BitmessageKitTests;
		};
		75F1020B19A2D2810094B7C4 /* PBXContainerItemProxy */ = {
			isa = PBXContainerItemProxy;
			containerPortal = 75F1020619A2D2810094B7C4 /* NavNodeKit.xcodeproj */;
			proxyType = 2;
			remoteGlobalIDString = AACD77AF1905C051008832FB;
			remoteInfo = NavNodeKit;
		};
		75F1020D19A2D2810094B7C4 /* PBXContainerItemProxy */ = {
			isa = PBXContainerItemProxy;
			containerPortal = 75F1020619A2D2810094B7C4 /* NavNodeKit.xcodeproj */;
			proxyType = 2;
			remoteGlobalIDString = AACD77C61905C051008832FB;
			remoteInfo = NavNodeKitTests;
		};
		75F1021419A2D2880094B7C4 /* PBXContainerItemProxy */ = {
			isa = PBXContainerItemProxy;
			containerPortal = 75F1020F19A2D2880094B7C4 /* FoundationCategoriesKit.xcodeproj */;
			proxyType = 2;
			remoteGlobalIDString = AAE31E8D18FF1E3F00405754;
			remoteInfo = FoundationCategoriesKit;
		};
		75F1021619A2D2880094B7C4 /* PBXContainerItemProxy */ = {
			isa = PBXContainerItemProxy;
			containerPortal = 75F1020F19A2D2880094B7C4 /* FoundationCategoriesKit.xcodeproj */;
			proxyType = 2;
			remoteGlobalIDString = AAE31EA418FF1E3F00405754;
			remoteInfo = FoundationCategoriesKitTests;
		};
		AA31562C18AAE02D0017E94F /* PBXContainerItemProxy */ = {
			isa = PBXContainerItemProxy;
			containerPortal = AA3155FF18AAE02D0017E94F /* Project object */;
			proxyType = 1;
			remoteGlobalIDString = AA31560618AAE02D0017E94F;
			remoteInfo = Bitmessage;
		};
/* End PBXContainerItemProxy section */

/* Begin PBXCopyFilesBuildPhase section */
		8E9397F118B032B4003ABFE9 /* CopyFiles */ = {
			isa = PBXCopyFilesBuildPhase;
			buildActionMask = 2147483647;
			dstPath = "";
			dstSubfolderSpec = 7;
			files = (
				8E56ACB418C22426001136F9 /* fonts in CopyFiles */,
			);
			runOnlyForDeploymentPostprocessing = 0;
		};
		AA9F2B4F190DFEC0008444F6 /* CopyFiles */ = {
			isa = PBXCopyFilesBuildPhase;
			buildActionMask = 2147483647;
			dstPath = "";
			dstSubfolderSpec = 10;
			files = (
				AA27EF6819A81948000E0339 /* FoundationCategoriesKit.framework in CopyFiles */,
				AA27EF6919A81948000E0339 /* NavNodeKit.framework in CopyFiles */,
				AA27EF6A19A81948000E0339 /* NavKit.framework in CopyFiles */,
				AA27EF6B19A81948000E0339 /* BitmessageKit.framework in CopyFiles */,
			);
			runOnlyForDeploymentPostprocessing = 0;
		};
/* End PBXCopyFilesBuildPhase section */

/* Begin PBXFileReference section */
		75F101EF19A2D26F0094B7C4 /* NavKit.xcodeproj */ = {isa = PBXFileReference; lastKnownFileType = "wrapper.pb-project"; name = NavKit.xcodeproj; path = submodules/NavKit/NavKit.xcodeproj; sourceTree = "<group>"; };
		75F101FB19A2D2770094B7C4 /* BitmessageKit.xcodeproj */ = {isa = PBXFileReference; lastKnownFileType = "wrapper.pb-project"; name = BitmessageKit.xcodeproj; path = submodules/BitmessageKit/BitmessageKit.xcodeproj; sourceTree = "<group>"; };
		75F1020619A2D2810094B7C4 /* NavNodeKit.xcodeproj */ = {isa = PBXFileReference; lastKnownFileType = "wrapper.pb-project"; name = NavNodeKit.xcodeproj; path = submodules/NavNodeKit/NavNodeKit.xcodeproj; sourceTree = "<group>"; };
		75F1020F19A2D2880094B7C4 /* FoundationCategoriesKit.xcodeproj */ = {isa = PBXFileReference; lastKnownFileType = "wrapper.pb-project"; name = FoundationCategoriesKit.xcodeproj; path = submodules/FoundationCategoriesKit/FoundationCategoriesKit.xcodeproj; sourceTree = "<group>"; };
		8E56ACB318C22426001136F9 /* fonts */ = {isa = PBXFileReference; lastKnownFileType = folder; name = fonts; path = ../Vendor/fonts; sourceTree = "<group>"; };
		AA153C3418FF00CF007B4785 /* BitmessageKit.framework */ = {isa = PBXFileReference; lastKnownFileType = wrapper.framework; name = BitmessageKit.framework; path = "../../../../Library/Developer/Xcode/DerivedData/Bitmessage-avjusgtkipqesghfnsrdgwqclrmy/Build/Products/Debug/BitmessageKit.framework"; sourceTree = "<group>"; };
		AA1AA69A18B41C9E00AE72F6 /* message_active.png */ = {isa = PBXFileReference; lastKnownFileType = image.png; path = message_active.png; sourceTree = "<group>"; };
		AA1AA69B18B41C9E00AE72F6 /* message_inactive.png */ = {isa = PBXFileReference; lastKnownFileType = image.png; path = message_inactive.png; sourceTree = "<group>"; };
		AA1AA6A318B427C100AE72F6 /* MainMenu.xib */ = {isa = PBXFileReference; fileEncoding = 4; lastKnownFileType = file.xib; path = MainMenu.xib; sourceTree = "<group>"; };
		AA2AC85D18B8175A008CEEB4 /* BMAddressedView.h */ = {isa = PBXFileReference; fileEncoding = 4; lastKnownFileType = sourcecode.c.h; path = BMAddressedView.h; sourceTree = "<group>"; };
		AA2AC85E18B8175A008CEEB4 /* BMAddressedView.m */ = {isa = PBXFileReference; fileEncoding = 4; lastKnownFileType = sourcecode.c.objc; path = BMAddressedView.m; sourceTree = "<group>"; };
		AA2AC85F18B8175A008CEEB4 /* BMChannelView.h */ = {isa = PBXFileReference; fileEncoding = 4; lastKnownFileType = sourcecode.c.h; path = BMChannelView.h; sourceTree = "<group>"; };
		AA2AC86018B8175A008CEEB4 /* BMChannelView.m */ = {isa = PBXFileReference; fileEncoding = 4; lastKnownFileType = sourcecode.c.objc; path = BMChannelView.m; sourceTree = "<group>"; };
		AA2AC86118B8175A008CEEB4 /* BMContactView.h */ = {isa = PBXFileReference; fileEncoding = 4; lastKnownFileType = sourcecode.c.h; path = BMContactView.h; sourceTree = "<group>"; };
		AA2AC86218B8175A008CEEB4 /* BMContactView.m */ = {isa = PBXFileReference; fileEncoding = 4; lastKnownFileType = sourcecode.c.objc; path = BMContactView.m; sourceTree = "<group>"; };
		AA2AC87218B88FF2008CEEB4 /* BMIdentityView.h */ = {isa = PBXFileReference; fileEncoding = 4; lastKnownFileType = sourcecode.c.h; path = BMIdentityView.h; sourceTree = "<group>"; };
		AA2AC87318B88FF2008CEEB4 /* BMIdentityView.m */ = {isa = PBXFileReference; fileEncoding = 4; lastKnownFileType = sourcecode.c.objc; path = BMIdentityView.m; sourceTree = "<group>"; };
		AA31560718AAE02D0017E94F /* Bitpost.app */ = {isa = PBXFileReference; explicitFileType = wrapper.application; includeInIndex = 0; path = Bitpost.app; sourceTree = BUILT_PRODUCTS_DIR; };
		AA31560A18AAE02D0017E94F /* Cocoa.framework */ = {isa = PBXFileReference; lastKnownFileType = wrapper.framework; name = Cocoa.framework; path = System/Library/Frameworks/Cocoa.framework; sourceTree = SDKROOT; };
		AA31560D18AAE02D0017E94F /* AppKit.framework */ = {isa = PBXFileReference; lastKnownFileType = wrapper.framework; name = AppKit.framework; path = System/Library/Frameworks/AppKit.framework; sourceTree = SDKROOT; };
		AA31560E18AAE02D0017E94F /* CoreData.framework */ = {isa = PBXFileReference; lastKnownFileType = wrapper.framework; name = CoreData.framework; path = System/Library/Frameworks/CoreData.framework; sourceTree = SDKROOT; };
		AA31560F18AAE02D0017E94F /* Foundation.framework */ = {isa = PBXFileReference; lastKnownFileType = wrapper.framework; name = Foundation.framework; path = System/Library/Frameworks/Foundation.framework; sourceTree = SDKROOT; };
		AA31561218AAE02D0017E94F /* Bitmessage-Info.plist */ = {isa = PBXFileReference; lastKnownFileType = text.plist.xml; path = "Bitmessage-Info.plist"; sourceTree = "<group>"; };
		AA31561418AAE02D0017E94F /* en */ = {isa = PBXFileReference; lastKnownFileType = text.plist.strings; name = en; path = en.lproj/InfoPlist.strings; sourceTree = "<group>"; };
		AA31561618AAE02D0017E94F /* main.m */ = {isa = PBXFileReference; lastKnownFileType = sourcecode.c.objc; path = main.m; sourceTree = "<group>"; };
		AA31561818AAE02D0017E94F /* Bitmessage-Prefix.pch */ = {isa = PBXFileReference; lastKnownFileType = sourcecode.c.h; path = "Bitmessage-Prefix.pch"; sourceTree = "<group>"; };
		AA31561A18AAE02D0017E94F /* en */ = {isa = PBXFileReference; lastKnownFileType = text.rtf; name = en; path = en.lproj/Credits.rtf; sourceTree = "<group>"; };
		AA31562218AAE02D0017E94F /* Images.xcassets */ = {isa = PBXFileReference; lastKnownFileType = folder.assetcatalog; path = Images.xcassets; sourceTree = "<group>"; };
		AA31562818AAE02D0017E94F /* BitmessageTests.xctest */ = {isa = PBXFileReference; explicitFileType = wrapper.cfbundle; includeInIndex = 0; path = BitmessageTests.xctest; sourceTree = BUILT_PRODUCTS_DIR; };
		AA31562918AAE02D0017E94F /* XCTest.framework */ = {isa = PBXFileReference; lastKnownFileType = wrapper.framework; name = XCTest.framework; path = Library/Frameworks/XCTest.framework; sourceTree = DEVELOPER_DIR; };
		AA31563018AAE02D0017E94F /* BitmessageTests-Info.plist */ = {isa = PBXFileReference; lastKnownFileType = text.plist.xml; path = "BitmessageTests-Info.plist"; sourceTree = "<group>"; };
		AA31563218AAE02D0017E94F /* en */ = {isa = PBXFileReference; lastKnownFileType = text.plist.strings; name = en; path = en.lproj/InfoPlist.strings; sourceTree = "<group>"; };
		AA31563418AAE02D0017E94F /* BitmessageTests.m */ = {isa = PBXFileReference; lastKnownFileType = sourcecode.c.objc; path = BitmessageTests.m; sourceTree = "<group>"; };
		AA3156B618AAE0E60017E94F /* icon_128x128.png */ = {isa = PBXFileReference; lastKnownFileType = image.png; path = icon_128x128.png; sourceTree = "<group>"; };
		AA3156B718AAE0E60017E94F /* icon_128x128@2x.png */ = {isa = PBXFileReference; lastKnownFileType = image.png; path = "icon_128x128@2x.png"; sourceTree = "<group>"; };
		AA3156B818AAE0E60017E94F /* icon_16x16.png */ = {isa = PBXFileReference; lastKnownFileType = image.png; path = icon_16x16.png; sourceTree = "<group>"; };
		AA3156B918AAE0E60017E94F /* icon_16x16@2x.png */ = {isa = PBXFileReference; lastKnownFileType = image.png; path = "icon_16x16@2x.png"; sourceTree = "<group>"; };
		AA3156BA18AAE0E60017E94F /* icon_256x256.png */ = {isa = PBXFileReference; lastKnownFileType = image.png; path = icon_256x256.png; sourceTree = "<group>"; };
		AA3156BB18AAE0E60017E94F /* icon_256x256@2x.png */ = {isa = PBXFileReference; lastKnownFileType = image.png; path = "icon_256x256@2x.png"; sourceTree = "<group>"; };
		AA3156BC18AAE0E60017E94F /* icon_32x32.png */ = {isa = PBXFileReference; lastKnownFileType = image.png; path = icon_32x32.png; sourceTree = "<group>"; };
		AA3156BD18AAE0E60017E94F /* icon_32x32@2x.png */ = {isa = PBXFileReference; lastKnownFileType = image.png; path = "icon_32x32@2x.png"; sourceTree = "<group>"; };
		AA3156BE18AAE0E60017E94F /* icon_512x512.png */ = {isa = PBXFileReference; lastKnownFileType = image.png; path = icon_512x512.png; sourceTree = "<group>"; };
		AA3156BF18AAE0E60017E94F /* icon_512x512@2x.png */ = {isa = PBXFileReference; lastKnownFileType = image.png; path = "icon_512x512@2x.png"; sourceTree = "<group>"; };
		AA3156C118AAE0E60017E94F /* BMContacts_active.png */ = {isa = PBXFileReference; lastKnownFileType = image.png; path = BMContacts_active.png; sourceTree = "<group>"; };
		AA3156C218AAE0E60017E94F /* BMContacts_inactive.png */ = {isa = PBXFileReference; lastKnownFileType = image.png; path = BMContacts_inactive.png; sourceTree = "<group>"; };
		AA3156C318AAE0E60017E94F /* BMIdentities_active.png */ = {isa = PBXFileReference; lastKnownFileType = image.png; path = BMIdentities_active.png; sourceTree = "<group>"; };
		AA3156C418AAE0E60017E94F /* BMIdentities_inactive.png */ = {isa = PBXFileReference; lastKnownFileType = image.png; path = BMIdentities_inactive.png; sourceTree = "<group>"; };
		AA3156C518AAE0E60017E94F /* BMReceivedMessages_active.png */ = {isa = PBXFileReference; lastKnownFileType = image.png; path = BMReceivedMessages_active.png; sourceTree = "<group>"; };
		AA3156C618AAE0E60017E94F /* BMReceivedMessages_inactive.png */ = {isa = PBXFileReference; lastKnownFileType = image.png; path = BMReceivedMessages_inactive.png; sourceTree = "<group>"; };
		AA3156C718AAE0E60017E94F /* BMSentMessages_active.png */ = {isa = PBXFileReference; lastKnownFileType = image.png; path = BMSentMessages_active.png; sourceTree = "<group>"; };
		AA3156C818AAE0E60017E94F /* BMSentMessages_inactive.png */ = {isa = PBXFileReference; lastKnownFileType = image.png; path = BMSentMessages_inactive.png; sourceTree = "<group>"; };
		AA3156CA18AAE0E60017E94F /* search_active.png */ = {isa = PBXFileReference; lastKnownFileType = image.png; path = search_active.png; sourceTree = "<group>"; };
		AA3156CB18AAE0E60017E94F /* search_inactive.png */ = {isa = PBXFileReference; lastKnownFileType = image.png; path = search_inactive.png; sourceTree = "<group>"; };
		AA3156FC18AAE1130017E94F /* Compose.xib */ = {isa = PBXFileReference; fileEncoding = 4; lastKnownFileType = file.xib; path = Compose.xib; sourceTree = "<group>"; };
		AA5DFDF3190DEFE500383283 /* NavKit.framework */ = {isa = PBXFileReference; lastKnownFileType = wrapper.framework; name = NavKit.framework; path = "../../../../Library/Developer/Xcode/DerivedData/BitMarkets-eenrgxhlyrwgqccvbetldvfypzkj/Build/Products/Debug/NavKit.framework"; sourceTree = "<group>"; };
		AA5DFDF6190DEFF600383283 /* NavNodeKit.framework */ = {isa = PBXFileReference; lastKnownFileType = wrapper.framework; name = NavNodeKit.framework; path = "../../../../Library/Developer/Xcode/DerivedData/BitMarkets-eenrgxhlyrwgqccvbetldvfypzkj/Build/Products/Debug/NavNodeKit.framework"; sourceTree = "<group>"; };
		AA5DFDF9190DF00700383283 /* FoundationCategoriesKit.framework */ = {isa = PBXFileReference; lastKnownFileType = wrapper.framework; name = FoundationCategoriesKit.framework; path = "../../../../Library/Developer/Xcode/DerivedData/BitMarkets-eenrgxhlyrwgqccvbetldvfypzkj/Build/Products/Debug/FoundationCategoriesKit.framework"; sourceTree = "<group>"; };
		AA70C86A18D39219001D77FB /* themes.json */ = {isa = PBXFileReference; fileEncoding = 4; lastKnownFileType = text.json; path = themes.json; sourceTree = "<group>"; };
		AA9413BD18C952F80092FEF4 /* BMMessage+NodeView.h */ = {isa = PBXFileReference; fileEncoding = 4; lastKnownFileType = sourcecode.c.h; path = "BMMessage+NodeView.h"; sourceTree = "<group>"; };
		AA9413BE18C952F80092FEF4 /* BMMessage+NodeView.m */ = {isa = PBXFileReference; fileEncoding = 4; lastKnownFileType = sourcecode.c.objc; path = "BMMessage+NodeView.m"; sourceTree = "<group>"; };
		AA9413BF18C952F80092FEF4 /* BMMessageView.h */ = {isa = PBXFileReference; fileEncoding = 4; lastKnownFileType = sourcecode.c.h; path = BMMessageView.h; sourceTree = "<group>"; };
		AA9413C018C952F80092FEF4 /* BMMessageView.m */ = {isa = PBXFileReference; fileEncoding = 4; lastKnownFileType = sourcecode.c.objc; path = BMMessageView.m; sourceTree = "<group>"; };
		AA9413C218C952F80092FEF4 /* BMNewUserView.h */ = {isa = PBXFileReference; fileEncoding = 4; lastKnownFileType = sourcecode.c.h; path = BMNewUserView.h; sourceTree = "<group>"; };
		AA9413C318C952F80092FEF4 /* BMNewUserView.m */ = {isa = PBXFileReference; fileEncoding = 4; lastKnownFileType = sourcecode.c.objc; path = BMNewUserView.m; sourceTree = "<group>"; };
		AA94775A18E268D3004EFC7A /* forward_active.png */ = {isa = PBXFileReference; lastKnownFileType = image.png; path = forward_active.png; sourceTree = "<group>"; };
		AA9C72D8198877240036E3FF /* BMAboutNode.h */ = {isa = PBXFileReference; fileEncoding = 4; lastKnownFileType = sourcecode.c.h; path = BMAboutNode.h; sourceTree = "<group>"; };
		AA9C72D9198877240036E3FF /* BMAboutNode.m */ = {isa = PBXFileReference; fileEncoding = 4; lastKnownFileType = sourcecode.c.objc; path = BMAboutNode.m; sourceTree = "<group>"; };
		AA9EFBFC18F4960000DC32F4 /* BMAddressed+NodeView.h */ = {isa = PBXFileReference; fileEncoding = 4; lastKnownFileType = sourcecode.c.h; path = "BMAddressed+NodeView.h"; sourceTree = "<group>"; };
		AA9EFBFD18F4960000DC32F4 /* BMAddressed+NodeView.m */ = {isa = PBXFileReference; fileEncoding = 4; lastKnownFileType = sourcecode.c.objc; path = "BMAddressed+NodeView.m"; sourceTree = "<group>"; };
		AA9EFC5318F4A56F00DC32F4 /* libz.dylib */ = {isa = PBXFileReference; lastKnownFileType = "compiled.mach-o.dylib"; name = libz.dylib; path = usr/lib/libz.dylib; sourceTree = SDKROOT; };
		AAA2E6CA190082360098C357 /* compose_active.png */ = {isa = PBXFileReference; lastKnownFileType = image.png; path = compose_active.png; sourceTree = "<group>"; };
		AAA2E6CB190082360098C357 /* composeicon_inactive.png */ = {isa = PBXFileReference; lastKnownFileType = image.png; path = composeicon_inactive.png; sourceTree = "<group>"; };
		AAA2E6D119009CDC0098C357 /* BMClient+NodeView.h */ = {isa = PBXFileReference; fileEncoding = 4; lastKnownFileType = sourcecode.c.h; path = "BMClient+NodeView.h"; sourceTree = "<group>"; };
		AAA2E6D219009CDC0098C357 /* BMClient+NodeView.m */ = {isa = PBXFileReference; fileEncoding = 4; lastKnownFileType = sourcecode.c.objc; path = "BMClient+NodeView.m"; sourceTree = "<group>"; };
		AAB79BC218AB14170041B6B1 /* add_active.png */ = {isa = PBXFileReference; lastKnownFileType = image.png; path = add_active.png; sourceTree = "<group>"; };
		AAB79BC318AB14170041B6B1 /* add_inactive.png */ = {isa = PBXFileReference; lastKnownFileType = image.png; path = add_inactive.png; sourceTree = "<group>"; };
		AAB79BC418AB14170041B6B1 /* delete_active.png */ = {isa = PBXFileReference; lastKnownFileType = image.png; path = delete_active.png; sourceTree = "<group>"; };
		AAB79BC518AB14170041B6B1 /* delete_inactive.png */ = {isa = PBXFileReference; lastKnownFileType = image.png; path = delete_inactive.png; sourceTree = "<group>"; };
		AAB79BC618AB14170041B6B1 /* reply_active.png */ = {isa = PBXFileReference; lastKnownFileType = image.png; path = reply_active.png; sourceTree = "<group>"; };
		AAB79BC718AB14170041B6B1 /* reply_inactive.png */ = {isa = PBXFileReference; lastKnownFileType = image.png; path = reply_inactive.png; sourceTree = "<group>"; };
		AAB79BD618AEEAB70041B6B1 /* send_active.png */ = {isa = PBXFileReference; lastKnownFileType = image.png; path = send_active.png; sourceTree = "<group>"; };
		AAB79BD718AEEAB70041B6B1 /* send_inactive.png */ = {isa = PBXFileReference; lastKnownFileType = image.png; path = send_inactive.png; sourceTree = "<group>"; };
		AAD2849118C01EE500FC0C6F /* BMAppController.h */ = {isa = PBXFileReference; fileEncoding = 4; lastKnownFileType = sourcecode.c.h; path = BMAppController.h; sourceTree = "<group>"; };
		AAD2849218C01EE500FC0C6F /* BMAppController.m */ = {isa = PBXFileReference; fileEncoding = 4; lastKnownFileType = sourcecode.c.objc; path = BMAppController.m; sourceTree = "<group>"; };
		AAD2849418C01EE500FC0C6F /* BMAddressCompletor.h */ = {isa = PBXFileReference; fileEncoding = 4; lastKnownFileType = sourcecode.c.h; path = BMAddressCompletor.h; sourceTree = "<group>"; };
		AAD2849518C01EE500FC0C6F /* BMAddressCompletor.m */ = {isa = PBXFileReference; fileEncoding = 4; lastKnownFileType = sourcecode.c.objc; path = BMAddressCompletor.m; sourceTree = "<group>"; };
		AAD2849618C01EE500FC0C6F /* BMAddressTextField.h */ = {isa = PBXFileReference; fileEncoding = 4; lastKnownFileType = sourcecode.c.h; path = BMAddressTextField.h; sourceTree = "<group>"; };
		AAD2849718C01EE500FC0C6F /* BMAddressTextField.m */ = {isa = PBXFileReference; fileEncoding = 4; lastKnownFileType = sourcecode.c.objc; path = BMAddressTextField.m; sourceTree = "<group>"; };
		AAD2849818C01EE500FC0C6F /* BMDraftController.h */ = {isa = PBXFileReference; fileEncoding = 4; lastKnownFileType = sourcecode.c.h; path = BMDraftController.h; sourceTree = "<group>"; };
		AAD2849918C01EE500FC0C6F /* BMDraftController.m */ = {isa = PBXFileReference; fileEncoding = 4; lastKnownFileType = sourcecode.c.objc; path = BMDraftController.m; sourceTree = "<group>"; };
		AAE61DD318CA8CCE00C6AEB7 /* icon_tick.png */ = {isa = PBXFileReference; lastKnownFileType = image.png; path = icon_tick.png; sourceTree = "<group>"; };
		AAF40CAE18B56183005BA55E /* refresh_active.png */ = {isa = PBXFileReference; lastKnownFileType = image.png; path = refresh_active.png; sourceTree = "<group>"; };
		AAF40CAF18B56183005BA55E /* refresh_inactive.png */ = {isa = PBXFileReference; lastKnownFileType = image.png; path = refresh_inactive.png; sourceTree = "<group>"; };
/* End PBXFileReference section */

/* Begin PBXFrameworksBuildPhase section */
		AA31560418AAE02D0017E94F /* Frameworks */ = {
			isa = PBXFrameworksBuildPhase;
			buildActionMask = 2147483647;
			files = (
				AA9EFC5418F4A56F00DC32F4 /* libz.dylib in Frameworks */,
				AA9F2B5E190DFF92008444F6 /* BitmessageKit.framework in Frameworks */,
				AA9F2B5D190DFF92008444F6 /* NavKit.framework in Frameworks */,
				AA9F2B5C190DFF92008444F6 /* NavNodeKit.framework in Frameworks */,
				AA5DFDFA190DF00700383283 /* FoundationCategoriesKit.framework in Frameworks */,
				AA31560B18AAE02D0017E94F /* Cocoa.framework in Frameworks */,
			);
			runOnlyForDeploymentPostprocessing = 0;
		};
		AA31562518AAE02D0017E94F /* Frameworks */ = {
			isa = PBXFrameworksBuildPhase;
			buildActionMask = 2147483647;
			files = (
				AA31562B18AAE02D0017E94F /* Cocoa.framework in Frameworks */,
				AA31562A18AAE02D0017E94F /* XCTest.framework in Frameworks */,
			);
			runOnlyForDeploymentPostprocessing = 0;
		};
/* End PBXFrameworksBuildPhase section */

/* Begin PBXGroup section */
		75F101F019A2D26F0094B7C4 /* Products */ = {
			isa = PBXGroup;
			children = (
				75F101F819A2D26F0094B7C4 /* NavKit.framework */,
				75F101FA19A2D26F0094B7C4 /* NavKitTests.xctest */,
			);
			name = Products;
			sourceTree = "<group>";
		};
		75F101FC19A2D2770094B7C4 /* Products */ = {
			isa = PBXGroup;
			children = (
				75F1020319A2D2770094B7C4 /* BitmessageKit.framework */,
				75F1020519A2D2770094B7C4 /* BitmessageKitTests.xctest */,
			);
			name = Products;
			sourceTree = "<group>";
		};
		75F1020719A2D2810094B7C4 /* Products */ = {
			isa = PBXGroup;
			children = (
				75F1020C19A2D2810094B7C4 /* NavNodeKit.framework */,
				75F1020E19A2D2810094B7C4 /* NavNodeKitTests.xctest */,
			);
			name = Products;
			sourceTree = "<group>";
		};
		75F1021019A2D2880094B7C4 /* Products */ = {
			isa = PBXGroup;
			children = (
				75F1021519A2D2880094B7C4 /* FoundationCategoriesKit.framework */,
				75F1021719A2D2880094B7C4 /* FoundationCategoriesKitTests.xctest */,
			);
			name = Products;
			sourceTree = "<group>";
		};
		AA2AC85C18B8175A008CEEB4 /* Addressed */ = {
			isa = PBXGroup;
			children = (
				AA2AC85D18B8175A008CEEB4 /* BMAddressedView.h */,
				AA2AC85E18B8175A008CEEB4 /* BMAddressedView.m */,
				AA2AC87218B88FF2008CEEB4 /* BMIdentityView.h */,
				AA2AC87318B88FF2008CEEB4 /* BMIdentityView.m */,
				AA2AC85F18B8175A008CEEB4 /* BMChannelView.h */,
				AA2AC86018B8175A008CEEB4 /* BMChannelView.m */,
				AA2AC86118B8175A008CEEB4 /* BMContactView.h */,
				AA2AC86218B8175A008CEEB4 /* BMContactView.m */,
				AA9EFBFC18F4960000DC32F4 /* BMAddressed+NodeView.h */,
				AA9EFBFD18F4960000DC32F4 /* BMAddressed+NodeView.m */,
			);
			path = Addressed;
			sourceTree = "<group>";
		};
		AA3155FE18AAE02D0017E94F = {
			isa = PBXGroup;
			children = (
				AA31561018AAE02D0017E94F /* Bitmessage */,
				75F101EF19A2D26F0094B7C4 /* NavKit.xcodeproj */,
				75F101FB19A2D2770094B7C4 /* BitmessageKit.xcodeproj */,
				75F1020619A2D2810094B7C4 /* NavNodeKit.xcodeproj */,
				75F1020F19A2D2880094B7C4 /* FoundationCategoriesKit.xcodeproj */,
				AA31562E18AAE02D0017E94F /* BitmessageTests */,
				AA31560918AAE02D0017E94F /* Frameworks */,
				AA31560818AAE02D0017E94F /* Products */,
			);
			sourceTree = "<group>";
		};
		AA31560818AAE02D0017E94F /* Products */ = {
			isa = PBXGroup;
			children = (
				AA31560718AAE02D0017E94F /* Bitpost.app */,
				AA31562818AAE02D0017E94F /* BitmessageTests.xctest */,
			);
			name = Products;
			sourceTree = "<group>";
		};
		AA31560918AAE02D0017E94F /* Frameworks */ = {
			isa = PBXGroup;
			children = (
				AA9EFC5318F4A56F00DC32F4 /* libz.dylib */,
				AA5DFDF9190DF00700383283 /* FoundationCategoriesKit.framework */,
				AA5DFDF6190DEFF600383283 /* NavNodeKit.framework */,
				AA5DFDF3190DEFE500383283 /* NavKit.framework */,
				AA153C3418FF00CF007B4785 /* BitmessageKit.framework */,
				AA31560A18AAE02D0017E94F /* Cocoa.framework */,
				AA31562918AAE02D0017E94F /* XCTest.framework */,
				AA31560C18AAE02D0017E94F /* Other Frameworks */,
			);
			name = Frameworks;
			sourceTree = "<group>";
		};
		AA31560C18AAE02D0017E94F /* Other Frameworks */ = {
			isa = PBXGroup;
			children = (
				AA31560D18AAE02D0017E94F /* AppKit.framework */,
				AA31560E18AAE02D0017E94F /* CoreData.framework */,
				AA31560F18AAE02D0017E94F /* Foundation.framework */,
			);
			name = "Other Frameworks";
			sourceTree = "<group>";
		};
		AA31561018AAE02D0017E94F /* Bitmessage */ = {
			isa = PBXGroup;
			children = (
				AA31563E18AAE0E00017E94F /* Classes */,
				AA31562218AAE02D0017E94F /* Images.xcassets */,
				AA31561118AAE02D0017E94F /* Supporting Files */,
			);
			path = Bitmessage;
			sourceTree = "<group>";
		};
		AA31561118AAE02D0017E94F /* Supporting Files */ = {
			isa = PBXGroup;
			children = (
				8E56ACB318C22426001136F9 /* fonts */,
				AA3156A618AAE0E60017E94F /* resources */,
				AA31561218AAE02D0017E94F /* Bitmessage-Info.plist */,
				AA31561318AAE02D0017E94F /* InfoPlist.strings */,
				AA31561618AAE02D0017E94F /* main.m */,
				AA31561818AAE02D0017E94F /* Bitmessage-Prefix.pch */,
				AA31561918AAE02D0017E94F /* Credits.rtf */,
			);
			name = "Supporting Files";
			sourceTree = "<group>";
		};
		AA31562E18AAE02D0017E94F /* BitmessageTests */ = {
			isa = PBXGroup;
			children = (
				AA31563418AAE02D0017E94F /* BitmessageTests.m */,
				AA31562F18AAE02D0017E94F /* Supporting Files */,
			);
			path = BitmessageTests;
			sourceTree = "<group>";
		};
		AA31562F18AAE02D0017E94F /* Supporting Files */ = {
			isa = PBXGroup;
			children = (
				AA31563018AAE02D0017E94F /* BitmessageTests-Info.plist */,
				AA31563118AAE02D0017E94F /* InfoPlist.strings */,
			);
			name = "Supporting Files";
			sourceTree = "<group>";
		};
		AA31563E18AAE0E00017E94F /* Classes */ = {
			isa = PBXGroup;
			children = (
				AA31566E18AAE0E00017E94F /* Browser */,
			);
			path = Classes;
			sourceTree = "<group>";
		};
		AA31566E18AAE0E00017E94F /* Browser */ = {
			isa = PBXGroup;
			children = (
				AAD2849018C01EE500FC0C6F /* Controllers */,
				AA7F6A8818B17B15009285EA /* Inspectors */,
			);
			path = Browser;
			sourceTree = "<group>";
		};
		AA3156A618AAE0E60017E94F /* resources */ = {
			isa = PBXGroup;
			children = (
				AA70C86918D39219001D77FB /* themes */,
				AA3156FB18AAE1130017E94F /* xibs */,
				AA3156B418AAE0E60017E94F /* icons */,
			);
			path = resources;
			sourceTree = "<group>";
		};
		AA3156B418AAE0E60017E94F /* icons */ = {
			isa = PBXGroup;
			children = (
				AAE61DD218CA8CCE00C6AEB7 /* Misc */,
				AAB79BC118AB14170041B6B1 /* Top */,
				AA3156B518AAE0E60017E94F /* AppIcon */,
				AA3156C018AAE0E60017E94F /* Left */,
			);
			path = icons;
			sourceTree = "<group>";
		};
		AA3156B518AAE0E60017E94F /* AppIcon */ = {
			isa = PBXGroup;
			children = (
				AA3156B618AAE0E60017E94F /* icon_128x128.png */,
				AA3156B718AAE0E60017E94F /* icon_128x128@2x.png */,
				AA3156B818AAE0E60017E94F /* icon_16x16.png */,
				AA3156B918AAE0E60017E94F /* icon_16x16@2x.png */,
				AA3156BA18AAE0E60017E94F /* icon_256x256.png */,
				AA3156BB18AAE0E60017E94F /* icon_256x256@2x.png */,
				AA3156BC18AAE0E60017E94F /* icon_32x32.png */,
				AA3156BD18AAE0E60017E94F /* icon_32x32@2x.png */,
				AA3156BE18AAE0E60017E94F /* icon_512x512.png */,
				AA3156BF18AAE0E60017E94F /* icon_512x512@2x.png */,
			);
			path = AppIcon;
			sourceTree = "<group>";
		};
		AA3156C018AAE0E60017E94F /* Left */ = {
			isa = PBXGroup;
			children = (
				AA3156C118AAE0E60017E94F /* BMContacts_active.png */,
				AA3156C218AAE0E60017E94F /* BMContacts_inactive.png */,
				AA3156C318AAE0E60017E94F /* BMIdentities_active.png */,
				AA3156C418AAE0E60017E94F /* BMIdentities_inactive.png */,
				AA3156C518AAE0E60017E94F /* BMReceivedMessages_active.png */,
				AA3156C618AAE0E60017E94F /* BMReceivedMessages_inactive.png */,
				AA3156C718AAE0E60017E94F /* BMSentMessages_active.png */,
				AA3156C818AAE0E60017E94F /* BMSentMessages_inactive.png */,
				AA3156CA18AAE0E60017E94F /* search_active.png */,
				AA3156CB18AAE0E60017E94F /* search_inactive.png */,
			);
			path = Left;
			sourceTree = "<group>";
		};
		AA3156FB18AAE1130017E94F /* xibs */ = {
			isa = PBXGroup;
			children = (
				AA1AA6A318B427C100AE72F6 /* MainMenu.xib */,
				AA3156FC18AAE1130017E94F /* Compose.xib */,
			);
			path = xibs;
			sourceTree = "<group>";
		};
		AA70C86918D39219001D77FB /* themes */ = {
			isa = PBXGroup;
			children = (
				AA70C86A18D39219001D77FB /* themes.json */,
			);
			path = themes;
			sourceTree = "<group>";
		};
		AA7F6A8818B17B15009285EA /* Inspectors */ = {
			isa = PBXGroup;
			children = (
				AAA2E6D119009CDC0098C357 /* BMClient+NodeView.h */,
				AAA2E6D219009CDC0098C357 /* BMClient+NodeView.m */,
				AA9413BC18C952F80092FEF4 /* Message */,
				AA9413C118C952F80092FEF4 /* NewUser */,
				AA2AC85C18B8175A008CEEB4 /* Addressed */,
			);
			path = Inspectors;
			sourceTree = "<group>";
		};
		AA9413BC18C952F80092FEF4 /* Message */ = {
			isa = PBXGroup;
			children = (
				AA9413BD18C952F80092FEF4 /* BMMessage+NodeView.h */,
				AA9413BE18C952F80092FEF4 /* BMMessage+NodeView.m */,
				AA9413BF18C952F80092FEF4 /* BMMessageView.h */,
				AA9413C018C952F80092FEF4 /* BMMessageView.m */,
			);
			path = Message;
			sourceTree = "<group>";
		};
		AA9413C118C952F80092FEF4 /* NewUser */ = {
			isa = PBXGroup;
			children = (
				AA9413C218C952F80092FEF4 /* BMNewUserView.h */,
				AA9413C318C952F80092FEF4 /* BMNewUserView.m */,
			);
			path = NewUser;
			sourceTree = "<group>";
		};
		AAB79BC118AB14170041B6B1 /* Top */ = {
			isa = PBXGroup;
			children = (
				AAA2E6CA190082360098C357 /* compose_active.png */,
				AAA2E6CB190082360098C357 /* composeicon_inactive.png */,
				AA94775A18E268D3004EFC7A /* forward_active.png */,
				AAF40CAE18B56183005BA55E /* refresh_active.png */,
				AAF40CAF18B56183005BA55E /* refresh_inactive.png */,
				AA1AA69A18B41C9E00AE72F6 /* message_active.png */,
				AA1AA69B18B41C9E00AE72F6 /* message_inactive.png */,
				AAB79BD618AEEAB70041B6B1 /* send_active.png */,
				AAB79BD718AEEAB70041B6B1 /* send_inactive.png */,
				AAB79BC218AB14170041B6B1 /* add_active.png */,
				AAB79BC318AB14170041B6B1 /* add_inactive.png */,
				AAB79BC418AB14170041B6B1 /* delete_active.png */,
				AAB79BC518AB14170041B6B1 /* delete_inactive.png */,
				AAB79BC618AB14170041B6B1 /* reply_active.png */,
				AAB79BC718AB14170041B6B1 /* reply_inactive.png */,
			);
			path = Top;
			sourceTree = "<group>";
		};
		AAD2849018C01EE500FC0C6F /* Controllers */ = {
			isa = PBXGroup;
			children = (
				AA9C72D8198877240036E3FF /* BMAboutNode.h */,
				AA9C72D9198877240036E3FF /* BMAboutNode.m */,
				AAD2849118C01EE500FC0C6F /* BMAppController.h */,
				AAD2849218C01EE500FC0C6F /* BMAppController.m */,
				AAD2849318C01EE500FC0C6F /* Draft */,
			);
			path = Controllers;
			sourceTree = "<group>";
		};
		AAD2849318C01EE500FC0C6F /* Draft */ = {
			isa = PBXGroup;
			children = (
				AAD2849818C01EE500FC0C6F /* BMDraftController.h */,
				AAD2849918C01EE500FC0C6F /* BMDraftController.m */,
				AAD2849418C01EE500FC0C6F /* BMAddressCompletor.h */,
				AAD2849518C01EE500FC0C6F /* BMAddressCompletor.m */,
				AAD2849618C01EE500FC0C6F /* BMAddressTextField.h */,
				AAD2849718C01EE500FC0C6F /* BMAddressTextField.m */,
			);
			path = Draft;
			sourceTree = "<group>";
		};
		AAE61DD218CA8CCE00C6AEB7 /* Misc */ = {
			isa = PBXGroup;
			children = (
				AAE61DD318CA8CCE00C6AEB7 /* icon_tick.png */,
			);
			path = Misc;
			sourceTree = "<group>";
		};
/* End PBXGroup section */

/* Begin PBXLegacyTarget section */
		75EFCCA519A17FF800C93930 /* submodules */ = {
			isa = PBXLegacyTarget;
			buildArgumentsString = "-c '[ -d submodules/BitMessageKit/BitMessageKit ] || (git submodule init && git submodule update)'";
			buildConfigurationList = 75EFCCA619A17FF800C93930 /* Build configuration list for PBXLegacyTarget "submodules" */;
			buildPhases = (
			);
			buildToolPath = /bin/sh;
			buildWorkingDirectory = "";
			dependencies = (
			);
			name = submodules;
			passBuildSettingsInEnvironment = 1;
			productName = submodules;
		};
/* End PBXLegacyTarget section */

/* Begin PBXNativeTarget section */
		AA31560618AAE02D0017E94F /* Bitmessage */ = {
			isa = PBXNativeTarget;
			buildConfigurationList = AA31563818AAE02D0017E94F /* Build configuration list for PBXNativeTarget "Bitmessage" */;
			buildPhases = (
				AA31560318AAE02D0017E94F /* Sources */,
				AA31560418AAE02D0017E94F /* Frameworks */,
				AA31560518AAE02D0017E94F /* Resources */,
				8E9397F118B032B4003ABFE9 /* CopyFiles */,
				AA9F2B4F190DFEC0008444F6 /* CopyFiles */,
			);
			buildRules = (
			);
			dependencies = (
				75EFCCAA19A1803100C93930 /* PBXTargetDependency */,
			);
			name = Bitmessage;
			productName = Bitmessage;
			productReference = AA31560718AAE02D0017E94F /* Bitpost.app */;
			productType = "com.apple.product-type.application";
		};
		AA31562718AAE02D0017E94F /* BitmessageTests */ = {
			isa = PBXNativeTarget;
			buildConfigurationList = AA31563B18AAE02D0017E94F /* Build configuration list for PBXNativeTarget "BitmessageTests" */;
			buildPhases = (
				AA31562418AAE02D0017E94F /* Sources */,
				AA31562518AAE02D0017E94F /* Frameworks */,
				AA31562618AAE02D0017E94F /* Resources */,
			);
			buildRules = (
			);
			dependencies = (
				AA31562D18AAE02D0017E94F /* PBXTargetDependency */,
			);
			name = BitmessageTests;
			productName = BitmessageTests;
			productReference = AA31562818AAE02D0017E94F /* BitmessageTests.xctest */;
			productType = "com.apple.product-type.bundle.unit-test";
		};
/* End PBXNativeTarget section */

/* Begin PBXProject section */
		AA3155FF18AAE02D0017E94F /* Project object */ = {
			isa = PBXProject;
			attributes = {
				LastUpgradeCheck = 0510;
				ORGANIZATIONNAME = voluntary.net;
				TargetAttributes = {
					AA31560618AAE02D0017E94F = {
						DevelopmentTeam = 68AUPW6ZUW;
					};
					AA31562718AAE02D0017E94F = {
						TestTargetID = AA31560618AAE02D0017E94F;
					};
				};
			};
			buildConfigurationList = AA31560218AAE02D0017E94F /* Build configuration list for PBXProject "Bitmessage" */;
			compatibilityVersion = "Xcode 3.2";
			developmentRegion = English;
			hasScannedForEncodings = 0;
			knownRegions = (
				en,
				Base,
				English,
			);
			mainGroup = AA3155FE18AAE02D0017E94F;
			productRefGroup = AA31560818AAE02D0017E94F /* Products */;
			projectDirPath = "";
			projectReferences = (
				{
					ProductGroup = 75F101FC19A2D2770094B7C4 /* Products */;
					ProjectRef = 75F101FB19A2D2770094B7C4 /* BitmessageKit.xcodeproj */;
				},
				{
					ProductGroup = 75F1021019A2D2880094B7C4 /* Products */;
					ProjectRef = 75F1020F19A2D2880094B7C4 /* FoundationCategoriesKit.xcodeproj */;
				},
				{
					ProductGroup = 75F101F019A2D26F0094B7C4 /* Products */;
					ProjectRef = 75F101EF19A2D26F0094B7C4 /* NavKit.xcodeproj */;
				},
				{
					ProductGroup = 75F1020719A2D2810094B7C4 /* Products */;
					ProjectRef = 75F1020619A2D2810094B7C4 /* NavNodeKit.xcodeproj */;
				},
			);
			projectRoot = "";
			targets = (
				AA31560618AAE02D0017E94F /* Bitmessage */,
				AA31562718AAE02D0017E94F /* BitmessageTests */,
				75EFCCA519A17FF800C93930 /* submodules */,
			);
		};
/* End PBXProject section */

/* Begin PBXReferenceProxy section */
		75F101F819A2D26F0094B7C4 /* NavKit.framework */ = {
			isa = PBXReferenceProxy;
			fileType = wrapper.framework;
			path = NavKit.framework;
			remoteRef = 75F101F719A2D26F0094B7C4 /* PBXContainerItemProxy */;
			sourceTree = BUILT_PRODUCTS_DIR;
		};
		75F101FA19A2D26F0094B7C4 /* NavKitTests.xctest */ = {
			isa = PBXReferenceProxy;
			fileType = wrapper.cfbundle;
			path = NavKitTests.xctest;
			remoteRef = 75F101F919A2D26F0094B7C4 /* PBXContainerItemProxy */;
			sourceTree = BUILT_PRODUCTS_DIR;
		};
		75F1020319A2D2770094B7C4 /* BitmessageKit.framework */ = {
			isa = PBXReferenceProxy;
			fileType = wrapper.framework;
			path = BitmessageKit.framework;
			remoteRef = 75F1020219A2D2770094B7C4 /* PBXContainerItemProxy */;
			sourceTree = BUILT_PRODUCTS_DIR;
		};
		75F1020519A2D2770094B7C4 /* BitmessageKitTests.xctest */ = {
			isa = PBXReferenceProxy;
			fileType = wrapper.cfbundle;
			path = BitmessageKitTests.xctest;
			remoteRef = 75F1020419A2D2770094B7C4 /* PBXContainerItemProxy */;
			sourceTree = BUILT_PRODUCTS_DIR;
		};
		75F1020C19A2D2810094B7C4 /* NavNodeKit.framework */ = {
			isa = PBXReferenceProxy;
			fileType = wrapper.framework;
			path = NavNodeKit.framework;
			remoteRef = 75F1020B19A2D2810094B7C4 /* PBXContainerItemProxy */;
			sourceTree = BUILT_PRODUCTS_DIR;
		};
		75F1020E19A2D2810094B7C4 /* NavNodeKitTests.xctest */ = {
			isa = PBXReferenceProxy;
			fileType = wrapper.cfbundle;
			path = NavNodeKitTests.xctest;
			remoteRef = 75F1020D19A2D2810094B7C4 /* PBXContainerItemProxy */;
			sourceTree = BUILT_PRODUCTS_DIR;
		};
		75F1021519A2D2880094B7C4 /* FoundationCategoriesKit.framework */ = {
			isa = PBXReferenceProxy;
			fileType = wrapper.framework;
			path = FoundationCategoriesKit.framework;
			remoteRef = 75F1021419A2D2880094B7C4 /* PBXContainerItemProxy */;
			sourceTree = BUILT_PRODUCTS_DIR;
		};
		75F1021719A2D2880094B7C4 /* FoundationCategoriesKitTests.xctest */ = {
			isa = PBXReferenceProxy;
			fileType = wrapper.cfbundle;
			path = FoundationCategoriesKitTests.xctest;
			remoteRef = 75F1021619A2D2880094B7C4 /* PBXContainerItemProxy */;
			sourceTree = BUILT_PRODUCTS_DIR;
		};
/* End PBXReferenceProxy section */

/* Begin PBXResourcesBuildPhase section */
		AA31560518AAE02D0017E94F /* Resources */ = {
			isa = PBXResourcesBuildPhase;
			buildActionMask = 2147483647;
			files = (
				AA3156E818AAE0E60017E94F /* icon_512x512@2x.png in Resources */,
				AA3156F018AAE0E60017E94F /* BMSentMessages_inactive.png in Resources */,
				AA3156E218AAE0E60017E94F /* icon_16x16@2x.png in Resources */,
				AA3156EC18AAE0E60017E94F /* BMIdentities_inactive.png in Resources */,
				AA1AA69C18B41C9E00AE72F6 /* message_active.png in Resources */,
				AA3156EB18AAE0E60017E94F /* BMIdentities_active.png in Resources */,
				AAB79BD918AEEAB70041B6B1 /* send_inactive.png in Resources */,
				AA3156DF18AAE0E60017E94F /* icon_128x128.png in Resources */,
				AA70C86B18D39219001D77FB /* themes.json in Resources */,
				AA1AA6A418B427C100AE72F6 /* MainMenu.xib in Resources */,
				AAE61DD718CA8CCE00C6AEB7 /* icon_tick.png in Resources */,
				AA3156E318AAE0E60017E94F /* icon_256x256.png in Resources */,
				AAB79BCB18AB14170041B6B1 /* delete_active.png in Resources */,
				AAB79BCE18AB14170041B6B1 /* reply_inactive.png in Resources */,
				AA3156E118AAE0E60017E94F /* icon_16x16.png in Resources */,
				AAB79BCD18AB14170041B6B1 /* reply_active.png in Resources */,
				AA3156EA18AAE0E60017E94F /* BMContacts_inactive.png in Resources */,
				AA3156E018AAE0E60017E94F /* icon_128x128@2x.png in Resources */,
				AA94775B18E268D3004EFC7A /* forward_active.png in Resources */,
				AA3156EE18AAE0E60017E94F /* BMReceivedMessages_inactive.png in Resources */,
				AA31561518AAE02D0017E94F /* InfoPlist.strings in Resources */,
				AAB79BC918AB14170041B6B1 /* add_active.png in Resources */,
				AA3156E518AAE0E60017E94F /* icon_32x32.png in Resources */,
				AA31562318AAE02D0017E94F /* Images.xcassets in Resources */,
				AA3156E918AAE0E60017E94F /* BMContacts_active.png in Resources */,
				AA3156ED18AAE0E60017E94F /* BMReceivedMessages_active.png in Resources */,
				AA1AA69D18B41C9E00AE72F6 /* message_inactive.png in Resources */,
				AAB79BCC18AB14170041B6B1 /* delete_inactive.png in Resources */,
				AA3156F218AAE0E60017E94F /* search_active.png in Resources */,
				AA31561B18AAE02D0017E94F /* Credits.rtf in Resources */,
				AAB79BCA18AB14170041B6B1 /* add_inactive.png in Resources */,
				AA3156F318AAE0E60017E94F /* search_inactive.png in Resources */,
				AA3156FD18AAE1130017E94F /* Compose.xib in Resources */,
				AAA2E6CC190082360098C357 /* compose_active.png in Resources */,
				AAB79BD818AEEAB70041B6B1 /* send_active.png in Resources */,
				AA3156EF18AAE0E60017E94F /* BMSentMessages_active.png in Resources */,
				AAF40CB118B56183005BA55E /* refresh_inactive.png in Resources */,
				AA3156E718AAE0E60017E94F /* icon_512x512.png in Resources */,
				AA3156E418AAE0E60017E94F /* icon_256x256@2x.png in Resources */,
				AAF40CB018B56183005BA55E /* refresh_active.png in Resources */,
				AA3156E618AAE0E60017E94F /* icon_32x32@2x.png in Resources */,
				AAA2E6CD190082360098C357 /* composeicon_inactive.png in Resources */,
			);
			runOnlyForDeploymentPostprocessing = 0;
		};
		AA31562618AAE02D0017E94F /* Resources */ = {
			isa = PBXResourcesBuildPhase;
			buildActionMask = 2147483647;
			files = (
				AA31563318AAE02D0017E94F /* InfoPlist.strings in Resources */,
			);
			runOnlyForDeploymentPostprocessing = 0;
		};
/* End PBXResourcesBuildPhase section */

/* Begin PBXSourcesBuildPhase section */
		AA31560318AAE02D0017E94F /* Sources */ = {
			isa = PBXSourcesBuildPhase;
			buildActionMask = 2147483647;
			files = (
				AA2AC86718B8175A008CEEB4 /* BMAddressedView.m in Sources */,
				AA31561718AAE02D0017E94F /* main.m in Sources */,
				AA9413C618C952F80092FEF4 /* BMNewUserView.m in Sources */,
				AA9413C518C952F80092FEF4 /* BMMessageView.m in Sources */,
				AAD284A518C01EE500FC0C6F /* BMAppController.m in Sources */,
				AA2AC86918B8175A008CEEB4 /* BMContactView.m in Sources */,
				AA9EFBFE18F4960000DC32F4 /* BMAddressed+NodeView.m in Sources */,
				AAD284A618C01EE500FC0C6F /* BMAddressCompletor.m in Sources */,
				AA2AC87418B88FF2008CEEB4 /* BMIdentityView.m in Sources */,
				AA9413C418C952F80092FEF4 /* BMMessage+NodeView.m in Sources */,
				AAD284A818C01EE500FC0C6F /* BMDraftController.m in Sources */,
				AAD284A718C01EE500FC0C6F /* BMAddressTextField.m in Sources */,
				AA9C72DA198877240036E3FF /* BMAboutNode.m in Sources */,
				AA2AC86818B8175A008CEEB4 /* BMChannelView.m in Sources */,
				AAA2E6D319009CDC0098C357 /* BMClient+NodeView.m in Sources */,
			);
			runOnlyForDeploymentPostprocessing = 0;
		};
		AA31562418AAE02D0017E94F /* Sources */ = {
			isa = PBXSourcesBuildPhase;
			buildActionMask = 2147483647;
			files = (
				AA31563518AAE02D0017E94F /* BitmessageTests.m in Sources */,
			);
			runOnlyForDeploymentPostprocessing = 0;
		};
/* End PBXSourcesBuildPhase section */

/* Begin PBXTargetDependency section */
		75EFCCAA19A1803100C93930 /* PBXTargetDependency */ = {
			isa = PBXTargetDependency;
			target = 75EFCCA519A17FF800C93930 /* submodules */;
			targetProxy = 75EFCCA919A1803100C93930 /* PBXContainerItemProxy */;
		};
		AA31562D18AAE02D0017E94F /* PBXTargetDependency */ = {
			isa = PBXTargetDependency;
			target = AA31560618AAE02D0017E94F /* Bitmessage */;
			targetProxy = AA31562C18AAE02D0017E94F /* PBXContainerItemProxy */;
		};
/* End PBXTargetDependency section */

/* Begin PBXVariantGroup section */
		AA31561318AAE02D0017E94F /* InfoPlist.strings */ = {
			isa = PBXVariantGroup;
			children = (
				AA31561418AAE02D0017E94F /* en */,
			);
			name = InfoPlist.strings;
			sourceTree = "<group>";
		};
		AA31561918AAE02D0017E94F /* Credits.rtf */ = {
			isa = PBXVariantGroup;
			children = (
				AA31561A18AAE02D0017E94F /* en */,
			);
			name = Credits.rtf;
			sourceTree = "<group>";
		};
		AA31563118AAE02D0017E94F /* InfoPlist.strings */ = {
			isa = PBXVariantGroup;
			children = (
				AA31563218AAE02D0017E94F /* en */,
			);
			name = InfoPlist.strings;
			sourceTree = "<group>";
		};
/* End PBXVariantGroup section */

/* Begin XCBuildConfiguration section */
		75EFCCA719A17FF800C93930 /* Debug */ = {
			isa = XCBuildConfiguration;
			buildSettings = {
				CLANG_ENABLE_MODULES = YES;
				DEBUGGING_SYMBOLS = YES;
				GCC_GENERATE_DEBUGGING_SYMBOLS = YES;
				GCC_OPTIMIZATION_LEVEL = 0;
				GCC_PREPROCESSOR_DEFINITIONS = (
					"DEBUG=1",
					"$(inherited)",
				);
				GCC_WARN_UNINITIALIZED_AUTOS = YES_AGGRESSIVE;
				OTHER_CFLAGS = "";
				OTHER_LDFLAGS = "";
				PRODUCT_NAME = "$(TARGET_NAME)";
			};
			name = Debug;
		};
		75EFCCA819A17FF800C93930 /* Release */ = {
			isa = XCBuildConfiguration;
			buildSettings = {
				CLANG_ENABLE_MODULES = YES;
				GCC_WARN_UNINITIALIZED_AUTOS = YES_AGGRESSIVE;
				OTHER_CFLAGS = "";
				OTHER_LDFLAGS = "";
				PRODUCT_NAME = "$(TARGET_NAME)";
			};
			name = Release;
		};
		AA31563618AAE02D0017E94F /* Debug */ = {
			isa = XCBuildConfiguration;
			buildSettings = {
				ALWAYS_SEARCH_USER_PATHS = NO;
				CLANG_CXX_LANGUAGE_STANDARD = "gnu++0x";
				CLANG_CXX_LIBRARY = "libc++";
				CLANG_ENABLE_OBJC_ARC = YES;
				CLANG_WARN_BOOL_CONVERSION = YES;
				CLANG_WARN_CONSTANT_CONVERSION = YES;
				CLANG_WARN_DIRECT_OBJC_ISA_USAGE = YES_ERROR;
				CLANG_WARN_EMPTY_BODY = YES;
				CLANG_WARN_ENUM_CONVERSION = YES;
				CLANG_WARN_INT_CONVERSION = YES;
				CLANG_WARN_OBJC_ROOT_CLASS = YES_ERROR;
				CLANG_WARN__DUPLICATE_METHOD_MATCH = YES;
				COPY_PHASE_STRIP = NO;
				GCC_C_LANGUAGE_STANDARD = gnu99;
				GCC_DYNAMIC_NO_PIC = NO;
				GCC_ENABLE_OBJC_EXCEPTIONS = YES;
				GCC_OPTIMIZATION_LEVEL = 0;
				GCC_PREPROCESSOR_DEFINITIONS = (
					"DEBUG=1",
					"$(inherited)",
				);
				GCC_SYMBOLS_PRIVATE_EXTERN = NO;
				GCC_WARN_64_TO_32_BIT_CONVERSION = YES;
				GCC_WARN_ABOUT_RETURN_TYPE = YES_ERROR;
				GCC_WARN_UNDECLARED_SELECTOR = YES;
				GCC_WARN_UNINITIALIZED_AUTOS = YES;
				GCC_WARN_UNUSED_FUNCTION = YES;
				GCC_WARN_UNUSED_VARIABLE = YES;
				HEADER_SEARCH_PATHS = (
					"$(inherited)",
					/Applications/Xcode.app/Contents/Developer/Toolchains/XcodeDefault.xctoolchain/usr/include,
				);
				MACOSX_DEPLOYMENT_TARGET = 10.9;
				ONLY_ACTIVE_ARCH = YES;
				SDKROOT = macosx;
			};
			name = Debug;
		};
		AA31563718AAE02D0017E94F /* Release */ = {
			isa = XCBuildConfiguration;
			buildSettings = {
				ALWAYS_SEARCH_USER_PATHS = NO;
				CLANG_CXX_LANGUAGE_STANDARD = "gnu++0x";
				CLANG_CXX_LIBRARY = "libc++";
				CLANG_ENABLE_OBJC_ARC = YES;
				CLANG_WARN_BOOL_CONVERSION = YES;
				CLANG_WARN_CONSTANT_CONVERSION = YES;
				CLANG_WARN_DIRECT_OBJC_ISA_USAGE = YES_ERROR;
				CLANG_WARN_EMPTY_BODY = YES;
				CLANG_WARN_ENUM_CONVERSION = YES;
				CLANG_WARN_INT_CONVERSION = YES;
				CLANG_WARN_OBJC_ROOT_CLASS = YES_ERROR;
				CLANG_WARN__DUPLICATE_METHOD_MATCH = YES;
				COPY_PHASE_STRIP = YES;
				DEBUG_INFORMATION_FORMAT = "dwarf-with-dsym";
				ENABLE_NS_ASSERTIONS = NO;
				GCC_C_LANGUAGE_STANDARD = gnu99;
				GCC_ENABLE_OBJC_EXCEPTIONS = YES;
				GCC_WARN_64_TO_32_BIT_CONVERSION = YES;
				GCC_WARN_ABOUT_RETURN_TYPE = YES_ERROR;
				GCC_WARN_UNDECLARED_SELECTOR = YES;
				GCC_WARN_UNINITIALIZED_AUTOS = YES;
				GCC_WARN_UNUSED_FUNCTION = YES;
				GCC_WARN_UNUSED_VARIABLE = YES;
				HEADER_SEARCH_PATHS = (
					"$(inherited)",
					/Applications/Xcode.app/Contents/Developer/Toolchains/XcodeDefault.xctoolchain/usr/include,
				);
				MACOSX_DEPLOYMENT_TARGET = 10.9;
				SDKROOT = macosx;
			};
			name = Release;
		};
		AA31563918AAE02D0017E94F /* Debug */ = {
			isa = XCBuildConfiguration;
			buildSettings = {
				ASSETCATALOG_COMPILER_APPICON_NAME = AppIcon;
				CODE_SIGN_IDENTITY = "Developer ID Application";
				"CODE_SIGN_IDENTITY[sdk=macosx*]" = "Developer ID Application";
				COMBINE_HIDPI_IMAGES = YES;
				FRAMEWORK_SEARCH_PATHS = "./**";
				GCC_PRECOMPILE_PREFIX_HEADER = YES;
				GCC_PREFIX_HEADER = "Bitmessage/Bitmessage-Prefix.pch";
				INFOPLIST_FILE = "Bitmessage/Bitmessage-Info.plist";
				ONLY_ACTIVE_ARCH = NO;
				OTHER_CODE_SIGN_FLAGS = "--deep";
				PRODUCT_NAME = Bitpost;
				PROVISIONING_PROFILE = "";
				SDKROOT = macosx;
				WRAPPER_EXTENSION = app;
			};
			name = Debug;
		};
		AA31563A18AAE02D0017E94F /* Release */ = {
			isa = XCBuildConfiguration;
			buildSettings = {
				ASSETCATALOG_COMPILER_APPICON_NAME = AppIcon;
				CODE_SIGN_IDENTITY = "Developer ID Application";
				"CODE_SIGN_IDENTITY[sdk=macosx*]" = "Developer ID Application";
				COMBINE_HIDPI_IMAGES = YES;
				FRAMEWORK_SEARCH_PATHS = "./**";
				GCC_PRECOMPILE_PREFIX_HEADER = YES;
				GCC_PREFIX_HEADER = "Bitmessage/Bitmessage-Prefix.pch";
				INFOPLIST_FILE = "Bitmessage/Bitmessage-Info.plist";
				ONLY_ACTIVE_ARCH = YES;
				OTHER_CODE_SIGN_FLAGS = "--deep";
				PRODUCT_NAME = Bitpost;
				PROVISIONING_PROFILE = "";
				SDKROOT = macosx;
				WRAPPER_EXTENSION = app;
			};
			name = Release;
		};
		AA31563C18AAE02D0017E94F /* Debug */ = {
			isa = XCBuildConfiguration;
			buildSettings = {
				BUNDLE_LOADER = "$(BUILT_PRODUCTS_DIR)/Bitpost.app/Contents/MacOS/Bitpost";
				COMBINE_HIDPI_IMAGES = YES;
				FRAMEWORK_SEARCH_PATHS = (
					"$(DEVELOPER_FRAMEWORKS_DIR)",
					"$(inherited)",
				);
				GCC_PRECOMPILE_PREFIX_HEADER = YES;
				GCC_PREFIX_HEADER = "Bitmessage/Bitmessage-Prefix.pch";
				GCC_PREPROCESSOR_DEFINITIONS = (
					"DEBUG=1",
					"$(inherited)",
				);
				INFOPLIST_FILE = "BitmessageTests/BitmessageTests-Info.plist";
				PRODUCT_NAME = "$(TARGET_NAME)";
				TEST_HOST = "$(BUNDLE_LOADER)";
				WRAPPER_EXTENSION = xctest;
			};
			name = Debug;
		};
		AA31563D18AAE02D0017E94F /* Release */ = {
			isa = XCBuildConfiguration;
			buildSettings = {
				BUNDLE_LOADER = "$(BUILT_PRODUCTS_DIR)/Bitpost.app/Contents/MacOS/Bitpost";
				COMBINE_HIDPI_IMAGES = YES;
				FRAMEWORK_SEARCH_PATHS = (
					"$(DEVELOPER_FRAMEWORKS_DIR)",
					"$(inherited)",
				);
				GCC_PRECOMPILE_PREFIX_HEADER = YES;
				GCC_PREFIX_HEADER = "Bitmessage/Bitmessage-Prefix.pch";
				INFOPLIST_FILE = "BitmessageTests/BitmessageTests-Info.plist";
				PRODUCT_NAME = "$(TARGET_NAME)";
				TEST_HOST = "$(BUNDLE_LOADER)";
				WRAPPER_EXTENSION = xctest;
			};
			name = Release;
		};
/* End XCBuildConfiguration section */

/* Begin XCConfigurationList section */
		75EFCCA619A17FF800C93930 /* Build configuration list for PBXLegacyTarget "submodules" */ = {
			isa = XCConfigurationList;
			buildConfigurations = (
				75EFCCA719A17FF800C93930 /* Debug */,
				75EFCCA819A17FF800C93930 /* Release */,
			);
			defaultConfigurationIsVisible = 0;
			defaultConfigurationName = Release;
		};
		AA31560218AAE02D0017E94F /* Build configuration list for PBXProject "Bitmessage" */ = {
			isa = XCConfigurationList;
			buildConfigurations = (
				AA31563618AAE02D0017E94F /* Debug */,
				AA31563718AAE02D0017E94F /* Release */,
			);
			defaultConfigurationIsVisible = 0;
			defaultConfigurationName = Release;
		};
		AA31563818AAE02D0017E94F /* Build configuration list for PBXNativeTarget "Bitmessage" */ = {
			isa = XCConfigurationList;
			buildConfigurations = (
				AA31563918AAE02D0017E94F /* Debug */,
				AA31563A18AAE02D0017E94F /* Release */,
			);
			defaultConfigurationIsVisible = 0;
			defaultConfigurationName = Release;
		};
		AA31563B18AAE02D0017E94F /* Build configuration list for PBXNativeTarget "BitmessageTests" */ = {
			isa = XCConfigurationList;
			buildConfigurations = (
				AA31563C18AAE02D0017E94F /* Debug */,
				AA31563D18AAE02D0017E94F /* Release */,
			);
			defaultConfigurationIsVisible = 0;
			defaultConfigurationName = Release;
		};
/* End XCConfigurationList section */
	};
	rootObject = AA3155FF18AAE02D0017E94F /* Project object */;
}
